
Microsoft Visual Studio Solution File, Format Version 12.00
# Visual Studio Version 17
VisualStudioVersion = 17.2.32616.157
MinimumVisualStudioVersion = 10.0.40219.1
Project("{FAE04EC0-301F-11D3-BF4B-00C04F79EFBC}") = "Emby.NewReleases", "Emby.NewReleases\Emby.NewReleases.csproj", "{ED1A5437-D525-40C1-923A-0AD45939E74F}"
EndProject
Global
	GlobalSection(SolutionConfigurationPlatforms) = preSolution
		Debug|Any CPU = Debug|Any CPU
		Release|Any CPU = Release|Any CPU
	EndGlobalSection
	GlobalSection(ProjectConfigurationPlatforms) = postSolution
		{ED1A5437-D525-40C1-923A-0AD45939E74F}.Debug|Any CPU.ActiveCfg = Debug|Any CPU
		{ED1A5437-D525-40C1-923A-0AD45939E74F}.Debug|Any CPU.Build.0 = Debug|Any CPU
		{ED1A5437-D525-40C1-923A-0AD45939E74F}.Release|Any CPU.ActiveCfg = Release|Any CPU
		{ED1A5437-D525-40C1-923A-0AD45939E74F}.Release|Any CPU.Build.0 = Release|Any CPU
	EndGlobalSection
	GlobalSection(SolutionProperties) = preSolution
		HideSolutionNode = FALSE
	EndGlobalSection
	GlobalSection(ExtensibilityGlobals) = postSolution
		SolutionGuid = {D791B2E3-C58F-45E5-BE6F-D7DC420AF033}
	EndGlobalSection
EndGlobal
